
Microsoft Visual Studio Solution File, Format Version 12.00
# Visual Studio Version 17
VisualStudioVersion = 17.3.32804.467
MinimumVisualStudioVersion = 10.0.40219.1
Project("{FAE04EC0-301F-11D3-BF4B-00C04F79EFBC}") = "CapaPresentacion", "CapaPresentacion\CapaPresentacion.csproj", "{10DE0FFC-7A6D-4B18-B650-F57F3B570DAB}"
EndProject
Project("{FAE04EC0-301F-11D3-BF4B-00C04F79EFBC}") = "CapaNegocios", "CapaNegocios\CapaNegocios.csproj", "{DEAC5369-B5E4-4CDF-98FB-EA199D2EE4D7}"
EndProject
Project("{FAE04EC0-301F-11D3-BF4B-00C04F79EFBC}") = "CapaDato", "CapaDato\CapaDato.csproj", "{4FED3B63-1449-4FE5-9EA7-4F4CA16885C0}"
EndProject
Global
	GlobalSection(SolutionConfigurationPlatforms) = preSolution
		Debug|Any CPU = Debug|Any CPU
		Release|Any CPU = Release|Any CPU
	EndGlobalSection
	GlobalSection(ProjectConfigurationPlatforms) = postSolution
		{10DE0FFC-7A6D-4B18-B650-F57F3B570DAB}.Debug|Any CPU.ActiveCfg = Debug|Any CPU
		{10DE0FFC-7A6D-4B18-B650-F57F3B570DAB}.Debug|Any CPU.Build.0 = Debug|Any CPU
		{10DE0FFC-7A6D-4B18-B650-F57F3B570DAB}.Release|Any CPU.ActiveCfg = Release|Any CPU
		{10DE0FFC-7A6D-4B18-B650-F57F3B570DAB}.Release|Any CPU.Build.0 = Release|Any CPU
		{DEAC5369-B5E4-4CDF-98FB-EA199D2EE4D7}.Debug|Any CPU.ActiveCfg = Debug|Any CPU
		{DEAC5369-B5E4-4CDF-98FB-EA199D2EE4D7}.Debug|Any CPU.Build.0 = Debug|Any CPU
		{DEAC5369-B5E4-4CDF-98FB-EA199D2EE4D7}.Release|Any CPU.ActiveCfg = Release|Any CPU
		{DEAC5369-B5E4-4CDF-98FB-EA199D2EE4D7}.Release|Any CPU.Build.0 = Release|Any CPU
		{4FED3B63-1449-4FE5-9EA7-4F4CA16885C0}.Debug|Any CPU.ActiveCfg = Debug|Any CPU
		{4FED3B63-1449-4FE5-9EA7-4F4CA16885C0}.Debug|Any CPU.Build.0 = Debug|Any CPU
		{4FED3B63-1449-4FE5-9EA7-4F4CA16885C0}.Release|Any CPU.ActiveCfg = Release|Any CPU
		{4FED3B63-1449-4FE5-9EA7-4F4CA16885C0}.Release|Any CPU.Build.0 = Release|Any CPU
	EndGlobalSection
	GlobalSection(SolutionProperties) = preSolution
		HideSolutionNode = FALSE
	EndGlobalSection
	GlobalSection(ExtensibilityGlobals) = postSolution
		SolutionGuid = {220EE944-AAA2-45D5-B13F-573927972E12}
	EndGlobalSection
EndGlobal
